
Microsoft Visual Studio Solution File, Format Version 12.00
# Visual Studio Version 17
VisualStudioVersion = 17.14.36511.14 d17.14
MinimumVisualStudioVersion = 10.0.40219.1
Project("{FAE04EC0-301F-11D3-BF4B-00C04F79EFBC}") = "FileDeletionBackgroundService.Tests", "FileDeletionBackgroundService.Tests\FileDeletionBackgroundService.Tests.csproj", "{8C12F8CD-E684-46C2-81A1-9E29E356FEEC}"
EndProject
Global
	GlobalSection(SolutionConfigurationPlatforms) = preSolution
		Debug|Any CPU = Debug|Any CPU
		Release|Any CPU = Release|Any CPU
	EndGlobalSection
	GlobalSection(ProjectConfigurationPlatforms) = postSolution
		{8C12F8CD-E684-46C2-81A1-9E29E356FEEC}.Debug|Any CPU.ActiveCfg = Debug|Any CPU
		{8C12F8CD-E684-46C2-81A1-9E29E356FEEC}.Debug|Any CPU.Build.0 = Debug|Any CPU
		{8C12F8CD-E684-46C2-81A1-9E29E356FEEC}.Release|Any CPU.ActiveCfg = Release|Any CPU
		{8C12F8CD-E684-46C2-81A1-9E29E356FEEC}.Release|Any CPU.Build.0 = Release|Any CPU
	EndGlobalSection
	GlobalSection(SolutionProperties) = preSolution
		HideSolutionNode = FALSE
	EndGlobalSection
	GlobalSection(ExtensibilityGlobals) = postSolution
		SolutionGuid = {7127436D-45E2-47D2-9F16-7FAC488EBCBA}
	EndGlobalSection
EndGlobal
